
Microsoft Visual Studio Solution File, Format Version 12.00
# Visual Studio Version 17
VisualStudioVersion = 17.7.34202.233
MinimumVisualStudioVersion = 10.0.40219.1
Project("{9A19103F-16F7-4668-BE54-9A1E7A4F7556}") = "Lab3_Encryption", "Lab3\Lab3_Encryption.csproj", "{11CADBDA-94A1-4BAC-B2FD-576D2BE2990E}"
EndProject
Project("{FAE04EC0-301F-11D3-BF4B-00C04F79EFBC}") = "Lab3_ProcessManager", "Lab3_ProcessManager\Lab3_ProcessManager.csproj", "{19DE5A46-82AD-4644-84E1-300F4054F2C4}"
EndProject
Global
	GlobalSection(SolutionConfigurationPlatforms) = preSolution
		Debug|Any CPU = Debug|Any CPU
		Release|Any CPU = Release|Any CPU
	EndGlobalSection
	GlobalSection(ProjectConfigurationPlatforms) = postSolution
		{11CADBDA-94A1-4BAC-B2FD-576D2BE2990E}.Debug|Any CPU.ActiveCfg = Debug|Any CPU
		{11CADBDA-94A1-4BAC-B2FD-576D2BE2990E}.Debug|Any CPU.Build.0 = Debug|Any CPU
		{11CADBDA-94A1-4BAC-B2FD-576D2BE2990E}.Release|Any CPU.ActiveCfg = Release|Any CPU
		{11CADBDA-94A1-4BAC-B2FD-576D2BE2990E}.Release|Any CPU.Build.0 = Release|Any CPU
		{19DE5A46-82AD-4644-84E1-300F4054F2C4}.Debug|Any CPU.ActiveCfg = Debug|Any CPU
		{19DE5A46-82AD-4644-84E1-300F4054F2C4}.Debug|Any CPU.Build.0 = Debug|Any CPU
		{19DE5A46-82AD-4644-84E1-300F4054F2C4}.Release|Any CPU.ActiveCfg = Release|Any CPU
		{19DE5A46-82AD-4644-84E1-300F4054F2C4}.Release|Any CPU.Build.0 = Release|Any CPU
	EndGlobalSection
	GlobalSection(SolutionProperties) = preSolution
		HideSolutionNode = FALSE
	EndGlobalSection
	GlobalSection(ExtensibilityGlobals) = postSolution
		SolutionGuid = {7BF28ACE-AAA4-4F87-AEF5-D18223D74AE1}
	EndGlobalSection
EndGlobal
